
Microsoft Visual Studio Solution File, Format Version 12.00
# Visual Studio Version 16
VisualStudioVersion = 16.0.29418.71
MinimumVisualStudioVersion = 10.0.40219.1
Project("{FAE04EC0-301F-11D3-BF4B-00C04F79EFBC}") = "ConsoleAppServer", "ConsoleAppServer\ConsoleAppServer.csproj", "{A60C2695-2EA7-4727-B2F7-BAF0F6E992BD}"
EndProject
Global
	GlobalSection(SolutionConfigurationPlatforms) = preSolution
		Debug|Any CPU = Debug|Any CPU
		Release|Any CPU = Release|Any CPU
	EndGlobalSection
	GlobalSection(ProjectConfigurationPlatforms) = postSolution
		{A60C2695-2EA7-4727-B2F7-BAF0F6E992BD}.Debug|Any CPU.ActiveCfg = Debug|Any CPU
		{A60C2695-2EA7-4727-B2F7-BAF0F6E992BD}.Debug|Any CPU.Build.0 = Debug|Any CPU
		{A60C2695-2EA7-4727-B2F7-BAF0F6E992BD}.Release|Any CPU.ActiveCfg = Release|Any CPU
		{A60C2695-2EA7-4727-B2F7-BAF0F6E992BD}.Release|Any CPU.Build.0 = Release|Any CPU
	EndGlobalSection
	GlobalSection(SolutionProperties) = preSolution
		HideSolutionNode = FALSE
	EndGlobalSection
	GlobalSection(ExtensibilityGlobals) = postSolution
		SolutionGuid = {316899DB-EFBB-4292-AEB4-B2802AAC75EF}
	EndGlobalSection
EndGlobal
